// !$*UTF8*$!
{
	archiveVersion = 1;
	classes = {
	};
	objectVersion = 46;
	objects = {

/* Begin PBXBuildFile section */
		9500EC1817014EC000E55632 /* FXLabel.m in Sources */ = {isa = PBXBuildFile; fileRef = 9500EC1517014EC000E55632 /* FXLabel.m */; settings = {COMPILER_FLAGS = "-fobjc-arc"; }; };
		9500EC1917014EC000E55632 /* LEffectLabel.m in Sources */ = {isa = PBXBuildFile; fileRef = 9500EC1717014EC000E55632 /* LEffectLabel.m */; settings = {COMPILER_FLAGS = "-fobjc-arc"; }; };
		9500EC99170170B900E55632 /* PaintingWindow.m in Sources */ = {isa = PBXBuildFile; fileRef = 9500EC98170170B900E55632 /* PaintingWindow.m */; };
		955363F316F0D32A002AEA32 /* TDDatePickerController.m in Sources */ = {isa = PBXBuildFile; fileRef = 955363EC16F0D32A002AEA32 /* TDDatePickerController.m */; };
		955363F416F0D32A002AEA32 /* TDSemiModalViewController.m in Sources */ = {isa = PBXBuildFile; fileRef = 955363F016F0D32A002AEA32 /* TDSemiModalViewController.m */; };
		955363F516F0D32A002AEA32 /* UIViewController+TDSemiModalExtension.m in Sources */ = {isa = PBXBuildFile; fileRef = 955363F216F0D32A002AEA32 /* UIViewController+TDSemiModalExtension.m */; settings = {COMPILER_FLAGS = "-fobjc-arc"; }; };
		956A8ED41723A1B600307CF2 /* FGalleryPhoto.m in Sources */ = {isa = PBXBuildFile; fileRef = 956A8ECF1723A1B600307CF2 /* FGalleryPhoto.m */; };
		956A8ED51723A1B600307CF2 /* FGalleryPhotoView.m in Sources */ = {isa = PBXBuildFile; fileRef = 956A8ED11723A1B600307CF2 /* FGalleryPhotoView.m */; };
		956A8ED61723A1B600307CF2 /* FGalleryViewController.m in Sources */ = {isa = PBXBuildFile; fileRef = 956A8ED31723A1B600307CF2 /* FGalleryViewController.m */; };
		9583086516F8BFAE0038EE58 /* SSTextView.m in Sources */ = {isa = PBXBuildFile; fileRef = 9583086416F8BFAE0038EE58 /* SSTextView.m */; };
		958BBB8016EC5C8D0030ED7B /* Foundation.framework in Frameworks */ = {isa = PBXBuildFile; fileRef = 958BBB7F16EC5C8D0030ED7B /* Foundation.framework */; };
		958BBB8516EC5C8D0030ED7B /* uilib.h in CopyFiles */ = {isa = PBXBuildFile; fileRef = 958BBB8416EC5C8D0030ED7B /* uilib.h */; };
		958BBB8716EC5C8D0030ED7B /* uilib.m in Sources */ = {isa = PBXBuildFile; fileRef = 958BBB8616EC5C8D0030ED7B /* uilib.m */; };
		958BBBAE16EC5DE20030ED7B /* VlionActionSheet.m in Sources */ = {isa = PBXBuildFile; fileRef = 958BBB9316EC5DE20030ED7B /* VlionActionSheet.m */; };
		958BBBB016EC5DE20030ED7B /* HSAbstractTableViewCell.m in Sources */ = {isa = PBXBuildFile; fileRef = 958BBB9916EC5DE20030ED7B /* HSAbstractTableViewCell.m */; };
		958BBBB116EC5DE20030ED7B /* HSBaseTableViewDelegate.m in Sources */ = {isa = PBXBuildFile; fileRef = 958BBB9B16EC5DE20030ED7B /* HSBaseTableViewDelegate.m */; };
		958BBBB316EC5DE20030ED7B /* HSSimpleTableViewDataSource.m in Sources */ = {isa = PBXBuildFile; fileRef = 958BBBA016EC5DE20030ED7B /* HSSimpleTableViewDataSource.m */; };
		958BBBB416EC5DE20030ED7B /* MBProgressHUD.m in Sources */ = {isa = PBXBuildFile; fileRef = 958BBBA316EC5DE20030ED7B /* MBProgressHUD.m */; };
		958BBBB516EC5DE20030ED7B /* UIImage+Alpha.m in Sources */ = {isa = PBXBuildFile; fileRef = 958BBBA716EC5DE20030ED7B /* UIImage+Alpha.m */; };
		958BBBB616EC5DE20030ED7B /* UIImage+Resize.m in Sources */ = {isa = PBXBuildFile; fileRef = 958BBBA916EC5DE20030ED7B /* UIImage+Resize.m */; };
		958BBBB716EC5DE20030ED7B /* UIImage+RoundedCorner.m in Sources */ = {isa = PBXBuildFile; fileRef = 958BBBAB16EC5DE20030ED7B /* UIImage+RoundedCorner.m */; };
		958BBBB816EC5DE20030ED7B /* UIImage-Extensions.m in Sources */ = {isa = PBXBuildFile; fileRef = 958BBBAD16EC5DE20030ED7B /* UIImage-Extensions.m */; };
		958BBBCE16EC5E130030ED7B /* SDImageCache.m in Sources */ = {isa = PBXBuildFile; fileRef = 958BBBBC16EC5E130030ED7B /* SDImageCache.m */; };
		958BBBCF16EC5E130030ED7B /* SDWebImageDecoder.m in Sources */ = {isa = PBXBuildFile; fileRef = 958BBBC016EC5E130030ED7B /* SDWebImageDecoder.m */; };
		958BBBD016EC5E130030ED7B /* SDWebImageDownloader.m in Sources */ = {isa = PBXBuildFile; fileRef = 958BBBC216EC5E130030ED7B /* SDWebImageDownloader.m */; };
		958BBBD116EC5E130030ED7B /* SDWebImageManager.m in Sources */ = {isa = PBXBuildFile; fileRef = 958BBBC516EC5E130030ED7B /* SDWebImageManager.m */; };
		958BBBD216EC5E130030ED7B /* SDWebImagePrefetcher.m in Sources */ = {isa = PBXBuildFile; fileRef = 958BBBC816EC5E130030ED7B /* SDWebImagePrefetcher.m */; };
		958BBBD316EC5E130030ED7B /* UIButton+WebCache.m in Sources */ = {isa = PBXBuildFile; fileRef = 958BBBCA16EC5E130030ED7B /* UIButton+WebCache.m */; };
		958BBBD416EC5E130030ED7B /* UIImageView+WebCache.m in Sources */ = {isa = PBXBuildFile; fileRef = 958BBBCC16EC5E130030ED7B /* UIImageView+WebCache.m */; };
		958BBC5616EC62520030ED7B /* MCTopAligningLabel.m in Sources */ = {isa = PBXBuildFile; fileRef = 958BBC5116EC62520030ED7B /* MCTopAligningLabel.m */; };
		958BBC5716EC62520030ED7B /* NSString+CalHeight.m in Sources */ = {isa = PBXBuildFile; fileRef = 958BBC5316EC62520030ED7B /* NSString+CalHeight.m */; };
		958BBC5816EC62520030ED7B /* UILabel+CalHeight.m in Sources */ = {isa = PBXBuildFile; fileRef = 958BBC5516EC62520030ED7B /* UILabel+CalHeight.m */; };
		958BBC5E16EC62990030ED7B /* QuartzCore.framework in Frameworks */ = {isa = PBXBuildFile; fileRef = 958BBC5D16EC62990030ED7B /* QuartzCore.framework */; };
		958BBC6016EC62A10030ED7B /* UIKit.framework in Frameworks */ = {isa = PBXBuildFile; fileRef = 958BBC5F16EC62A10030ED7B /* UIKit.framework */; };
		958BBC6216EC62BA0030ED7B /* CoreGraphics.framework in Frameworks */ = {isa = PBXBuildFile; fileRef = 958BBC6116EC62BA0030ED7B /* CoreGraphics.framework */; };
		958BBC8716EC675B0030ED7B /* UIView+UU.m in Sources */ = {isa = PBXBuildFile; fileRef = 958BBC8616EC675B0030ED7B /* UIView+UU.m */; };
		958BBDBF16ECDDE30030ED7B /* NavButton.m in Sources */ = {isa = PBXBuildFile; fileRef = 958BBDBE16ECDDE30030ED7B /* NavButton.m */; };
		95ACD7F3172BB80E00331EE1 /* ADLivelyTableView.m in Sources */ = {isa = PBXBuildFile; fileRef = 95ACD7F2172BB80E00331EE1 /* ADLivelyTableView.m */; };
		95C05A5E17147F7E0003F7B0 /* NSString+Trim.m in Sources */ = {isa = PBXBuildFile; fileRef = 95C05A4917147F7E0003F7B0 /* NSString+Trim.m */; };
		95C05A5F17147F7E0003F7B0 /* UIFont+Alert.m in Sources */ = {isa = PBXBuildFile; fileRef = 95C05A4B17147F7E0003F7B0 /* UIFont+Alert.m */; };
		95C05A6017147F7E0003F7B0 /* UIView+Animations.m in Sources */ = {isa = PBXBuildFile; fileRef = 95C05A4D17147F7E0003F7B0 /* UIView+Animations.m */; };
		95C05A6117147F7E0003F7B0 /* MBAlertView.m in Sources */ = {isa = PBXBuildFile; fileRef = 95C05A4F17147F7E0003F7B0 /* MBAlertView.m */; };
		95C05A6217147F7E0003F7B0 /* MBHUDView.m in Sources */ = {isa = PBXBuildFile; fileRef = 95C05A5117147F7E0003F7B0 /* MBHUDView.m */; };
		95C05A6317147F7E0003F7B0 /* MBAlertViewItem.m in Sources */ = {isa = PBXBuildFile; fileRef = 95C05A5417147F7E0003F7B0 /* MBAlertViewItem.m */; };
		95C05A6417147F7E0003F7B0 /* MBAlertViewButton.m in Sources */ = {isa = PBXBuildFile; fileRef = 95C05A5917147F7E0003F7B0 /* MBAlertViewButton.m */; };
		95C05A6517147F7E0003F7B0 /* MBCheckMarkView.m in Sources */ = {isa = PBXBuildFile; fileRef = 95C05A5B17147F7E0003F7B0 /* MBCheckMarkView.m */; };
		95C05A6617147F7E0003F7B0 /* MBSpinningCircle.m in Sources */ = {isa = PBXBuildFile; fileRef = 95C05A5D17147F7E0003F7B0 /* MBSpinningCircle.m */; settings = {COMPILER_FLAGS = "-fobjc-arc"; }; };
		95FF67BA1704380B00E77F76 /* SVSegmentedControl.m in Sources */ = {isa = PBXBuildFile; fileRef = 95FF67B71704380B00E77F76 /* SVSegmentedControl.m */; settings = {COMPILER_FLAGS = "-fobjc-arc"; }; };
		95FF67BB1704380B00E77F76 /* SVSegmentedThumb.m in Sources */ = {isa = PBXBuildFile; fileRef = 95FF67B91704380B00E77F76 /* SVSegmentedThumb.m */; settings = {COMPILER_FLAGS = "-fobjc-arc"; }; };
		95FFF02616FB4752000C12E6 /* AttributedLabel.m in Sources */ = {isa = PBXBuildFile; fileRef = 95FFF02316FB4752000C12E6 /* AttributedLabel.m */; };
		95FFF02716FB4752000C12E6 /* MTIBulbView.m in Sources */ = {isa = PBXBuildFile; fileRef = 95FFF02516FB4752000C12E6 /* MTIBulbView.m */; };
		95FFF04D16FB4936000C12E6 /* CoreText.framework in Frameworks */ = {isa = PBXBuildFile; fileRef = 95FFF04C16FB4936000C12E6 /* CoreText.framework */; };
/* End PBXBuildFile section */

/* Begin PBXCopyFilesBuildPhase section */
		958BBB7A16EC5C8D0030ED7B /* CopyFiles */ = {
			isa = PBXCopyFilesBuildPhase;
			buildActionMask = 2147483647;
			dstPath = "include/${PRODUCT_NAME}";
			dstSubfolderSpec = 16;
			files = (
				958BBB8516EC5C8D0030ED7B /* uilib.h in CopyFiles */,
			);
			runOnlyForDeploymentPostprocessing = 0;
		};
/* End PBXCopyFilesBuildPhase section */

/* Begin PBXFileReference section */
		9500EC1417014EC000E55632 /* FXLabel.h */ = {isa = PBXFileReference; fileEncoding = 4; lastKnownFileType = sourcecode.c.h; path = FXLabel.h; sourceTree = "<group>"; };
		9500EC1517014EC000E55632 /* FXLabel.m */ = {isa = PBXFileReference; fileEncoding = 4; lastKnownFileType = sourcecode.c.objc; path = FXLabel.m; sourceTree = "<group>"; };
		9500EC1617014EC000E55632 /* LEffectLabel.h */ = {isa = PBXFileReference; fileEncoding = 4; lastKnownFileType = sourcecode.c.h; path = LEffectLabel.h; sourceTree = "<group>"; };
		9500EC1717014EC000E55632 /* LEffectLabel.m */ = {isa = PBXFileReference; fileEncoding = 4; lastKnownFileType = sourcecode.c.objc; path = LEffectLabel.m; sourceTree = "<group>"; };
		9500EC97170170B900E55632 /* PaintingWindow.h */ = {isa = PBXFileReference; fileEncoding = 4; lastKnownFileType = sourcecode.c.h; path = PaintingWindow.h; sourceTree = "<group>"; };
		9500EC98170170B900E55632 /* PaintingWindow.m */ = {isa = PBXFileReference; fileEncoding = 4; lastKnownFileType = sourcecode.c.objc; path = PaintingWindow.m; sourceTree = "<group>"; };
		955363EB16F0D32A002AEA32 /* TDDatePickerController.h */ = {isa = PBXFileReference; fileEncoding = 4; lastKnownFileType = sourcecode.c.h; path = TDDatePickerController.h; sourceTree = "<group>"; };
		955363EC16F0D32A002AEA32 /* TDDatePickerController.m */ = {isa = PBXFileReference; fileEncoding = 4; lastKnownFileType = sourcecode.c.objc; path = TDDatePickerController.m; sourceTree = "<group>"; };
		955363ED16F0D32A002AEA32 /* TDDatePickerController.xib */ = {isa = PBXFileReference; fileEncoding = 4; lastKnownFileType = file.xib; path = TDDatePickerController.xib; sourceTree = "<group>"; };
		955363EE16F0D32A002AEA32 /* TDSemiModal.h */ = {isa = PBXFileReference; fileEncoding = 4; lastKnownFileType = sourcecode.c.h; path = TDSemiModal.h; sourceTree = "<group>"; };
		955363EF16F0D32A002AEA32 /* TDSemiModalViewController.h */ = {isa = PBXFileReference; fileEncoding = 4; lastKnownFileType = sourcecode.c.h; path = TDSemiModalViewController.h; sourceTree = "<group>"; };
		955363F016F0D32A002AEA32 /* TDSemiModalViewController.m */ = {isa = PBXFileReference; fileEncoding = 4; lastKnownFileType = sourcecode.c.objc; path = TDSemiModalViewController.m; sourceTree = "<group>"; };
		955363F116F0D32A002AEA32 /* UIViewController+TDSemiModalExtension.h */ = {isa = PBXFileReference; fileEncoding = 4; lastKnownFileType = sourcecode.c.h; path = "UIViewController+TDSemiModalExtension.h"; sourceTree = "<group>"; };
		955363F216F0D32A002AEA32 /* UIViewController+TDSemiModalExtension.m */ = {isa = PBXFileReference; fileEncoding = 4; lastKnownFileType = sourcecode.c.objc; path = "UIViewController+TDSemiModalExtension.m"; sourceTree = "<group>"; };
		956A8ECE1723A1B600307CF2 /* FGalleryPhoto.h */ = {isa = PBXFileReference; fileEncoding = 4; lastKnownFileType = sourcecode.c.h; path = FGalleryPhoto.h; sourceTree = "<group>"; };
		956A8ECF1723A1B600307CF2 /* FGalleryPhoto.m */ = {isa = PBXFileReference; fileEncoding = 4; lastKnownFileType = sourcecode.c.objc; path = FGalleryPhoto.m; sourceTree = "<group>"; };
		956A8ED01723A1B600307CF2 /* FGalleryPhotoView.h */ = {isa = PBXFileReference; fileEncoding = 4; lastKnownFileType = sourcecode.c.h; path = FGalleryPhotoView.h; sourceTree = "<group>"; };
		956A8ED11723A1B600307CF2 /* FGalleryPhotoView.m */ = {isa = PBXFileReference; fileEncoding = 4; lastKnownFileType = sourcecode.c.objc; path = FGalleryPhotoView.m; sourceTree = "<group>"; };
		956A8ED21723A1B600307CF2 /* FGalleryViewController.h */ = {isa = PBXFileReference; fileEncoding = 4; lastKnownFileType = sourcecode.c.h; path = FGalleryViewController.h; sourceTree = "<group>"; };
		956A8ED31723A1B600307CF2 /* FGalleryViewController.m */ = {isa = PBXFileReference; fileEncoding = 4; lastKnownFileType = sourcecode.c.objc; path = FGalleryViewController.m; sourceTree = "<group>"; };
		9583086316F8BFAE0038EE58 /* SSTextView.h */ = {isa = PBXFileReference; fileEncoding = 4; lastKnownFileType = sourcecode.c.h; path = SSTextView.h; sourceTree = "<group>"; };
		9583086416F8BFAE0038EE58 /* SSTextView.m */ = {isa = PBXFileReference; fileEncoding = 4; lastKnownFileType = sourcecode.c.objc; path = SSTextView.m; sourceTree = "<group>"; };
		958BBB7C16EC5C8D0030ED7B /* libuilib.a */ = {isa = PBXFileReference; explicitFileType = archive.ar; includeInIndex = 0; path = libuilib.a; sourceTree = BUILT_PRODUCTS_DIR; };
		958BBB7F16EC5C8D0030ED7B /* Foundation.framework */ = {isa = PBXFileReference; lastKnownFileType = wrapper.framework; name = Foundation.framework; path = System/Library/Frameworks/Foundation.framework; sourceTree = SDKROOT; };
		958BBB8316EC5C8D0030ED7B /* uilib-Prefix.pch */ = {isa = PBXFileReference; lastKnownFileType = sourcecode.c.h; path = "uilib-Prefix.pch"; sourceTree = "<group>"; };
		958BBB8416EC5C8D0030ED7B /* uilib.h */ = {isa = PBXFileReference; lastKnownFileType = sourcecode.c.h; path = uilib.h; sourceTree = "<group>"; };
		958BBB8616EC5C8D0030ED7B /* uilib.m */ = {isa = PBXFileReference; lastKnownFileType = sourcecode.c.objc; path = uilib.m; sourceTree = "<group>"; };
		958BBB9216EC5DE20030ED7B /* VlionActionSheet.h */ = {isa = PBXFileReference; fileEncoding = 4; lastKnownFileType = sourcecode.c.h; path = VlionActionSheet.h; sourceTree = "<group>"; };
		958BBB9316EC5DE20030ED7B /* VlionActionSheet.m */ = {isa = PBXFileReference; fileEncoding = 4; lastKnownFileType = sourcecode.c.objc; path = VlionActionSheet.m; sourceTree = "<group>"; };
		958BBB9816EC5DE20030ED7B /* HSAbstractTableViewCell.h */ = {isa = PBXFileReference; fileEncoding = 4; lastKnownFileType = sourcecode.c.h; path = HSAbstractTableViewCell.h; sourceTree = "<group>"; };
		958BBB9916EC5DE20030ED7B /* HSAbstractTableViewCell.m */ = {isa = PBXFileReference; fileEncoding = 4; lastKnownFileType = sourcecode.c.objc; path = HSAbstractTableViewCell.m; sourceTree = "<group>"; };
		958BBB9A16EC5DE20030ED7B /* HSBaseTableViewDelegate.h */ = {isa = PBXFileReference; fileEncoding = 4; lastKnownFileType = sourcecode.c.h; path = HSBaseTableViewDelegate.h; sourceTree = "<group>"; };
		958BBB9B16EC5DE20030ED7B /* HSBaseTableViewDelegate.m */ = {isa = PBXFileReference; fileEncoding = 4; lastKnownFileType = sourcecode.c.objc; path = HSBaseTableViewDelegate.m; sourceTree = "<group>"; };
		958BBB9F16EC5DE20030ED7B /* HSSimpleTableViewDataSource.h */ = {isa = PBXFileReference; fileEncoding = 4; lastKnownFileType = sourcecode.c.h; path = HSSimpleTableViewDataSource.h; sourceTree = "<group>"; };
		958BBBA016EC5DE20030ED7B /* HSSimpleTableViewDataSource.m */ = {isa = PBXFileReference; fileEncoding = 4; lastKnownFileType = sourcecode.c.objc; path = HSSimpleTableViewDataSource.m; sourceTree = "<group>"; };
		958BBBA216EC5DE20030ED7B /* MBProgressHUD.h */ = {isa = PBXFileReference; fileEncoding = 4; lastKnownFileType = sourcecode.c.h; path = MBProgressHUD.h; sourceTree = "<group>"; };
		958BBBA316EC5DE20030ED7B /* MBProgressHUD.m */ = {isa = PBXFileReference; fileEncoding = 4; lastKnownFileType = sourcecode.c.objc; path = MBProgressHUD.m; sourceTree = "<group>"; };
		958BBBA616EC5DE20030ED7B /* UIImage+Alpha.h */ = {isa = PBXFileReference; fileEncoding = 4; lastKnownFileType = sourcecode.c.h; path = "UIImage+Alpha.h"; sourceTree = "<group>"; };
		958BBBA716EC5DE20030ED7B /* UIImage+Alpha.m */ = {isa = PBXFileReference; fileEncoding = 4; lastKnownFileType = sourcecode.c.objc; path = "UIImage+Alpha.m"; sourceTree = "<group>"; };
		958BBBA816EC5DE20030ED7B /* UIImage+Resize.h */ = {isa = PBXFileReference; fileEncoding = 4; lastKnownFileType = sourcecode.c.h; path = "UIImage+Resize.h"; sourceTree = "<group>"; };
		958BBBA916EC5DE20030ED7B /* UIImage+Resize.m */ = {isa = PBXFileReference; fileEncoding = 4; lastKnownFileType = sourcecode.c.objc; path = "UIImage+Resize.m"; sourceTree = "<group>"; };
		958BBBAA16EC5DE20030ED7B /* UIImage+RoundedCorner.h */ = {isa = PBXFileReference; fileEncoding = 4; lastKnownFileType = sourcecode.c.h; path = "UIImage+RoundedCorner.h"; sourceTree = "<group>"; };
		958BBBAB16EC5DE20030ED7B /* UIImage+RoundedCorner.m */ = {isa = PBXFileReference; fileEncoding = 4; lastKnownFileType = sourcecode.c.objc; path = "UIImage+RoundedCorner.m"; sourceTree = "<group>"; };
		958BBBAC16EC5DE20030ED7B /* UIImage-Extensions.h */ = {isa = PBXFileReference; fileEncoding = 4; lastKnownFileType = sourcecode.c.h; path = "UIImage-Extensions.h"; sourceTree = "<group>"; };
		958BBBAD16EC5DE20030ED7B /* UIImage-Extensions.m */ = {isa = PBXFileReference; fileEncoding = 4; lastKnownFileType = sourcecode.c.objc; path = "UIImage-Extensions.m"; sourceTree = "<group>"; };
		958BBBBB16EC5E130030ED7B /* SDImageCache.h */ = {isa = PBXFileReference; fileEncoding = 4; lastKnownFileType = sourcecode.c.h; path = SDImageCache.h; sourceTree = "<group>"; };
		958BBBBC16EC5E130030ED7B /* SDImageCache.m */ = {isa = PBXFileReference; fileEncoding = 4; lastKnownFileType = sourcecode.c.objc; path = SDImageCache.m; sourceTree = "<group>"; };
		958BBBBD16EC5E130030ED7B /* SDImageCacheDelegate.h */ = {isa = PBXFileReference; fileEncoding = 4; lastKnownFileType = sourcecode.c.h; path = SDImageCacheDelegate.h; sourceTree = "<group>"; };
		958BBBBE16EC5E130030ED7B /* SDWebImageCompat.h */ = {isa = PBXFileReference; fileEncoding = 4; lastKnownFileType = sourcecode.c.h; path = SDWebImageCompat.h; sourceTree = "<group>"; };
		958BBBBF16EC5E130030ED7B /* SDWebImageDecoder.h */ = {isa = PBXFileReference; fileEncoding = 4; lastKnownFileType = sourcecode.c.h; path = SDWebImageDecoder.h; sourceTree = "<group>"; };
		958BBBC016EC5E130030ED7B /* SDWebImageDecoder.m */ = {isa = PBXFileReference; fileEncoding = 4; lastKnownFileType = sourcecode.c.objc; path = SDWebImageDecoder.m; sourceTree = "<group>"; };
		958BBBC116EC5E130030ED7B /* SDWebImageDownloader.h */ = {isa = PBXFileReference; fileEncoding = 4; lastKnownFileType = sourcecode.c.h; path = SDWebImageDownloader.h; sourceTree = "<group>"; };
		958BBBC216EC5E130030ED7B /* SDWebImageDownloader.m */ = {isa = PBXFileReference; fileEncoding = 4; lastKnownFileType = sourcecode.c.objc; path = SDWebImageDownloader.m; sourceTree = "<group>"; };
		958BBBC316EC5E130030ED7B /* SDWebImageDownloaderDelegate.h */ = {isa = PBXFileReference; fileEncoding = 4; lastKnownFileType = sourcecode.c.h; path = SDWebImageDownloaderDelegate.h; sourceTree = "<group>"; };
		958BBBC416EC5E130030ED7B /* SDWebImageManager.h */ = {isa = PBXFileReference; fileEncoding = 4; lastKnownFileType = sourcecode.c.h; path = SDWebImageManager.h; sourceTree = "<group>"; };
		958BBBC516EC5E130030ED7B /* SDWebImageManager.m */ = {isa = PBXFileReference; fileEncoding = 4; lastKnownFileType = sourcecode.c.objc; path = SDWebImageManager.m; sourceTree = "<group>"; };
		958BBBC616EC5E130030ED7B /* SDWebImageManagerDelegate.h */ = {isa = PBXFileReference; fileEncoding = 4; lastKnownFileType = sourcecode.c.h; path = SDWebImageManagerDelegate.h; sourceTree = "<group>"; };
		958BBBC716EC5E130030ED7B /* SDWebImagePrefetcher.h */ = {isa = PBXFileReference; fileEncoding = 4; lastKnownFileType = sourcecode.c.h; path = SDWebImagePrefetcher.h; sourceTree = "<group>"; };
		958BBBC816EC5E130030ED7B /* SDWebImagePrefetcher.m */ = {isa = PBXFileReference; fileEncoding = 4; lastKnownFileType = sourcecode.c.objc; path = SDWebImagePrefetcher.m; sourceTree = "<group>"; };
		958BBBC916EC5E130030ED7B /* UIButton+WebCache.h */ = {isa = PBXFileReference; fileEncoding = 4; lastKnownFileType = sourcecode.c.h; path = "UIButton+WebCache.h"; sourceTree = "<group>"; };
		958BBBCA16EC5E130030ED7B /* UIButton+WebCache.m */ = {isa = PBXFileReference; fileEncoding = 4; lastKnownFileType = sourcecode.c.objc; path = "UIButton+WebCache.m"; sourceTree = "<group>"; };
		958BBBCB16EC5E130030ED7B /* UIImageView+WebCache.h */ = {isa = PBXFileReference; fileEncoding = 4; lastKnownFileType = sourcecode.c.h; path = "UIImageView+WebCache.h"; sourceTree = "<group>"; };
		958BBBCC16EC5E130030ED7B /* UIImageView+WebCache.m */ = {isa = PBXFileReference; fileEncoding = 4; lastKnownFileType = sourcecode.c.objc; path = "UIImageView+WebCache.m"; sourceTree = "<group>"; };
		958BBC5016EC62520030ED7B /* MCTopAligningLabel.h */ = {isa = PBXFileReference; fileEncoding = 4; lastKnownFileType = sourcecode.c.h; path = MCTopAligningLabel.h; sourceTree = "<group>"; };
		958BBC5116EC62520030ED7B /* MCTopAligningLabel.m */ = {isa = PBXFileReference; fileEncoding = 4; lastKnownFileType = sourcecode.c.objc; path = MCTopAligningLabel.m; sourceTree = "<group>"; };
		958BBC5216EC62520030ED7B /* NSString+CalHeight.h */ = {isa = PBXFileReference; fileEncoding = 4; lastKnownFileType = sourcecode.c.h; path = "NSString+CalHeight.h"; sourceTree = "<group>"; };
		958BBC5316EC62520030ED7B /* NSString+CalHeight.m */ = {isa = PBXFileReference; fileEncoding = 4; lastKnownFileType = sourcecode.c.objc; path = "NSString+CalHeight.m"; sourceTree = "<group>"; };
		958BBC5416EC62520030ED7B /* UILabel+CalHeight.h */ = {isa = PBXFileReference; fileEncoding = 4; lastKnownFileType = sourcecode.c.h; path = "UILabel+CalHeight.h"; sourceTree = "<group>"; };
		958BBC5516EC62520030ED7B /* UILabel+CalHeight.m */ = {isa = PBXFileReference; fileEncoding = 4; lastKnownFileType = sourcecode.c.objc; path = "UILabel+CalHeight.m"; sourceTree = "<group>"; };
		958BBC5D16EC62990030ED7B /* QuartzCore.framework */ = {isa = PBXFileReference; lastKnownFileType = wrapper.framework; name = QuartzCore.framework; path = System/Library/Frameworks/QuartzCore.framework; sourceTree = SDKROOT; };
		958BBC5F16EC62A10030ED7B /* UIKit.framework */ = {isa = PBXFileReference; lastKnownFileType = wrapper.framework; name = UIKit.framework; path = System/Library/Frameworks/UIKit.framework; sourceTree = SDKROOT; };
		958BBC6116EC62BA0030ED7B /* CoreGraphics.framework */ = {isa = PBXFileReference; lastKnownFileType = wrapper.framework; name = CoreGraphics.framework; path = System/Library/Frameworks/CoreGraphics.framework; sourceTree = SDKROOT; };
		958BBC8516EC675B0030ED7B /* UIView+UU.h */ = {isa = PBXFileReference; fileEncoding = 4; lastKnownFileType = sourcecode.c.h; path = "UIView+UU.h"; sourceTree = "<group>"; };
		958BBC8616EC675B0030ED7B /* UIView+UU.m */ = {isa = PBXFileReference; fileEncoding = 4; lastKnownFileType = sourcecode.c.objc; path = "UIView+UU.m"; sourceTree = "<group>"; };
		958BBDBD16ECDDE30030ED7B /* NavButton.h */ = {isa = PBXFileReference; fileEncoding = 4; lastKnownFileType = sourcecode.c.h; name = NavButton.h; path = uilib/NavButton.h; sourceTree = SOURCE_ROOT; };
		958BBDBE16ECDDE30030ED7B /* NavButton.m */ = {isa = PBXFileReference; fileEncoding = 4; lastKnownFileType = sourcecode.c.objc; name = NavButton.m; path = uilib/NavButton.m; sourceTree = SOURCE_ROOT; };
		95ACD7F1172BB80E00331EE1 /* ADLivelyTableView.h */ = {isa = PBXFileReference; fileEncoding = 4; lastKnownFileType = sourcecode.c.h; path = ADLivelyTableView.h; sourceTree = "<group>"; };
		95ACD7F2172BB80E00331EE1 /* ADLivelyTableView.m */ = {isa = PBXFileReference; fileEncoding = 4; lastKnownFileType = sourcecode.c.objc; path = ADLivelyTableView.m; sourceTree = "<group>"; };
		95C05A4817147F7E0003F7B0 /* NSString+Trim.h */ = {isa = PBXFileReference; fileEncoding = 4; lastKnownFileType = sourcecode.c.h; path = "NSString+Trim.h"; sourceTree = "<group>"; };
		95C05A4917147F7E0003F7B0 /* NSString+Trim.m */ = {isa = PBXFileReference; fileEncoding = 4; lastKnownFileType = sourcecode.c.objc; path = "NSString+Trim.m"; sourceTree = "<group>"; };
		95C05A4A17147F7E0003F7B0 /* UIFont+Alert.h */ = {isa = PBXFileReference; fileEncoding = 4; lastKnownFileType = sourcecode.c.h; path = "UIFont+Alert.h"; sourceTree = "<group>"; };
		95C05A4B17147F7E0003F7B0 /* UIFont+Alert.m */ = {isa = PBXFileReference; fileEncoding = 4; lastKnownFileType = sourcecode.c.objc; path = "UIFont+Alert.m"; sourceTree = "<group>"; };
		95C05A4C17147F7E0003F7B0 /* UIView+Animations.h */ = {isa = PBXFileReference; fileEncoding = 4; lastKnownFileType = sourcecode.c.h; path = "UIView+Animations.h"; sourceTree = "<group>"; };
		95C05A4D17147F7E0003F7B0 /* UIView+Animations.m */ = {isa = PBXFileReference; fileEncoding = 4; lastKnownFileType = sourcecode.c.objc; path = "UIView+Animations.m"; sourceTree = "<group>"; };
		95C05A4E17147F7E0003F7B0 /* MBAlertView.h */ = {isa = PBXFileReference; fileEncoding = 4; lastKnownFileType = sourcecode.c.h; path = MBAlertView.h; sourceTree = "<group>"; };
		95C05A4F17147F7E0003F7B0 /* MBAlertView.m */ = {isa = PBXFileReference; fileEncoding = 4; lastKnownFileType = sourcecode.c.objc; path = MBAlertView.m; sourceTree = "<group>"; };
		95C05A5017147F7E0003F7B0 /* MBHUDView.h */ = {isa = PBXFileReference; fileEncoding = 4; lastKnownFileType = sourcecode.c.h; path = MBHUDView.h; sourceTree = "<group>"; };
		95C05A5117147F7E0003F7B0 /* MBHUDView.m */ = {isa = PBXFileReference; fileEncoding = 4; lastKnownFileType = sourcecode.c.objc; path = MBHUDView.m; sourceTree = "<group>"; };
		95C05A5317147F7E0003F7B0 /* MBAlertViewItem.h */ = {isa = PBXFileReference; fileEncoding = 4; lastKnownFileType = sourcecode.c.h; path = MBAlertViewItem.h; sourceTree = "<group>"; };
		95C05A5417147F7E0003F7B0 /* MBAlertViewItem.m */ = {isa = PBXFileReference; fileEncoding = 4; lastKnownFileType = sourcecode.c.objc; path = MBAlertViewItem.m; sourceTree = "<group>"; };
		95C05A5517147F7E0003F7B0 /* MBAlertViewSubclass.h */ = {isa = PBXFileReference; fileEncoding = 4; lastKnownFileType = sourcecode.c.h; path = MBAlertViewSubclass.h; sourceTree = "<group>"; };
		95C05A5717147F7E0003F7B0 /* AlertViewUI.h */ = {isa = PBXFileReference; fileEncoding = 4; lastKnownFileType = sourcecode.c.h; path = AlertViewUI.h; sourceTree = "<group>"; };
		95C05A5817147F7E0003F7B0 /* MBAlertViewButton.h */ = {isa = PBXFileReference; fileEncoding = 4; lastKnownFileType = sourcecode.c.h; path = MBAlertViewButton.h; sourceTree = "<group>"; };
		95C05A5917147F7E0003F7B0 /* MBAlertViewButton.m */ = {isa = PBXFileReference; fileEncoding = 4; lastKnownFileType = sourcecode.c.objc; path = MBAlertViewButton.m; sourceTree = "<group>"; };
		95C05A5A17147F7E0003F7B0 /* MBCheckMarkView.h */ = {isa = PBXFileReference; fileEncoding = 4; lastKnownFileType = sourcecode.c.h; path = MBCheckMarkView.h; sourceTree = "<group>"; };
		95C05A5B17147F7E0003F7B0 /* MBCheckMarkView.m */ = {isa = PBXFileReference; fileEncoding = 4; lastKnownFileType = sourcecode.c.objc; path = MBCheckMarkView.m; sourceTree = "<group>"; };
		95C05A5C17147F7E0003F7B0 /* MBSpinningCircle.h */ = {isa = PBXFileReference; fileEncoding = 4; lastKnownFileType = sourcecode.c.h; path = MBSpinningCircle.h; sourceTree = "<group>"; };
		95C05A5D17147F7E0003F7B0 /* MBSpinningCircle.m */ = {isa = PBXFileReference; fileEncoding = 4; lastKnownFileType = sourcecode.c.objc; path = MBSpinningCircle.m; sourceTree = "<group>"; };
		95FF67B61704380B00E77F76 /* SVSegmentedControl.h */ = {isa = PBXFileReference; fileEncoding = 4; lastKnownFileType = sourcecode.c.h; path = SVSegmentedControl.h; sourceTree = "<group>"; };
		95FF67B71704380B00E77F76 /* SVSegmentedControl.m */ = {isa = PBXFileReference; fileEncoding = 4; lastKnownFileType = sourcecode.c.objc; path = SVSegmentedControl.m; sourceTree = "<group>"; };
		95FF67B81704380B00E77F76 /* SVSegmentedThumb.h */ = {isa = PBXFileReference; fileEncoding = 4; lastKnownFileType = sourcecode.c.h; path = SVSegmentedThumb.h; sourceTree = "<group>"; };
		95FF67B91704380B00E77F76 /* SVSegmentedThumb.m */ = {isa = PBXFileReference; fileEncoding = 4; lastKnownFileType = sourcecode.c.objc; path = SVSegmentedThumb.m; sourceTree = "<group>"; };
		95FFF02216FB4752000C12E6 /* AttributedLabel.h */ = {isa = PBXFileReference; fileEncoding = 4; lastKnownFileType = sourcecode.c.h; path = AttributedLabel.h; sourceTree = "<group>"; };
		95FFF02316FB4752000C12E6 /* AttributedLabel.m */ = {isa = PBXFileReference; fileEncoding = 4; lastKnownFileType = sourcecode.c.objc; path = AttributedLabel.m; sourceTree = "<group>"; };
		95FFF02416FB4752000C12E6 /* MTIBulbView.h */ = {isa = PBXFileReference; fileEncoding = 4; lastKnownFileType = sourcecode.c.h; path = MTIBulbView.h; sourceTree = "<group>"; };
		95FFF02516FB4752000C12E6 /* MTIBulbView.m */ = {isa = PBXFileReference; fileEncoding = 4; lastKnownFileType = sourcecode.c.objc; path = MTIBulbView.m; sourceTree = "<group>"; };
		95FFF04C16FB4936000C12E6 /* CoreText.framework */ = {isa = PBXFileReference; lastKnownFileType = wrapper.framework; name = CoreText.framework; path = System/Library/Frameworks/CoreText.framework; sourceTree = SDKROOT; };
/* End PBXFileReference section */

/* Begin PBXFrameworksBuildPhase section */
		958BBB7916EC5C8D0030ED7B /* Frameworks */ = {
			isa = PBXFrameworksBuildPhase;
			buildActionMask = 2147483647;
			files = (
				95FFF04D16FB4936000C12E6 /* CoreText.framework in Frameworks */,
				958BBC6216EC62BA0030ED7B /* CoreGraphics.framework in Frameworks */,
				958BBC6016EC62A10030ED7B /* UIKit.framework in Frameworks */,
				958BBC5E16EC62990030ED7B /* QuartzCore.framework in Frameworks */,
				958BBB8016EC5C8D0030ED7B /* Foundation.framework in Frameworks */,
			);
			runOnlyForDeploymentPostprocessing = 0;
		};
/* End PBXFrameworksBuildPhase section */

/* Begin PBXGroup section */
		9500EC96170170B900E55632 /* PaintingWindow */ = {
			isa = PBXGroup;
			children = (
				9500EC97170170B900E55632 /* PaintingWindow.h */,
				9500EC98170170B900E55632 /* PaintingWindow.m */,
			);
			path = PaintingWindow;
			sourceTree = "<group>";
		};
		955363EA16F0D32A002AEA32 /* datePicker */ = {
			isa = PBXGroup;
			children = (
				955363EB16F0D32A002AEA32 /* TDDatePickerController.h */,
				955363EC16F0D32A002AEA32 /* TDDatePickerController.m */,
				955363ED16F0D32A002AEA32 /* TDDatePickerController.xib */,
				955363EE16F0D32A002AEA32 /* TDSemiModal.h */,
				955363EF16F0D32A002AEA32 /* TDSemiModalViewController.h */,
				955363F016F0D32A002AEA32 /* TDSemiModalViewController.m */,
				955363F116F0D32A002AEA32 /* UIViewController+TDSemiModalExtension.h */,
				955363F216F0D32A002AEA32 /* UIViewController+TDSemiModalExtension.m */,
			);
			path = datePicker;
			sourceTree = "<group>";
		};
		956A8ECD1723A1B600307CF2 /* FGalleryViewController */ = {
			isa = PBXGroup;
			children = (
				956A8ECE1723A1B600307CF2 /* FGalleryPhoto.h */,
				956A8ECF1723A1B600307CF2 /* FGalleryPhoto.m */,
				956A8ED01723A1B600307CF2 /* FGalleryPhotoView.h */,
				956A8ED11723A1B600307CF2 /* FGalleryPhotoView.m */,
				956A8ED21723A1B600307CF2 /* FGalleryViewController.h */,
				956A8ED31723A1B600307CF2 /* FGalleryViewController.m */,
			);
			path = FGalleryViewController;
			sourceTree = "<group>";
		};
		9583086216F8BFAE0038EE58 /* SSTextView */ = {
			isa = PBXGroup;
			children = (
				9583086316F8BFAE0038EE58 /* SSTextView.h */,
				9583086416F8BFAE0038EE58 /* SSTextView.m */,
			);
			path = SSTextView;
			sourceTree = "<group>";
		};
		958BBB7116EC5C8D0030ED7B = {
			isa = PBXGroup;
			children = (
				958BBB8116EC5C8D0030ED7B /* uilib */,
				958BBB7E16EC5C8D0030ED7B /* Frameworks */,
				958BBB7D16EC5C8D0030ED7B /* Products */,
			);
			sourceTree = "<group>";
		};
		958BBB7D16EC5C8D0030ED7B /* Products */ = {
			isa = PBXGroup;
			children = (
				958BBB7C16EC5C8D0030ED7B /* libuilib.a */,
			);
			name = Products;
			sourceTree = "<group>";
		};
		958BBB7E16EC5C8D0030ED7B /* Frameworks */ = {
			isa = PBXGroup;
			children = (
				95FFF04C16FB4936000C12E6 /* CoreText.framework */,
				958BBC6116EC62BA0030ED7B /* CoreGraphics.framework */,
				958BBC5F16EC62A10030ED7B /* UIKit.framework */,
				958BBC5D16EC62990030ED7B /* QuartzCore.framework */,
				958BBB7F16EC5C8D0030ED7B /* Foundation.framework */,
			);
			name = Frameworks;
			sourceTree = "<group>";
		};
		958BBB8116EC5C8D0030ED7B /* uilib */ = {
			isa = PBXGroup;
			children = (
				956A8ECD1723A1B600307CF2 /* FGalleryViewController */,
				95C05A4617147F7E0003F7B0 /* MBAlertView */,
				95FF67B51704380B00E77F76 /* SegController */,
				9500EC96170170B900E55632 /* PaintingWindow */,
				9583086216F8BFAE0038EE58 /* SSTextView */,
				955363EA16F0D32A002AEA32 /* datePicker */,
				958BBDC116ECE09E0030ED7B /* NavButton */,
				958BBC8416EC675A0030ED7B /* UIViewFrame */,
				958BBC4F16EC62510030ED7B /* MCTopLabel */,
				958BBB9116EC5DE20030ED7B /* DRPickerView */,
				958BBB9716EC5DE20030ED7B /* HSTableView */,
				958BBBA116EC5DE20030ED7B /* MBProgress */,
				958BBBA416EC5DE20030ED7B /* SDWebImage */,
				958BBBA516EC5DE20030ED7B /* UIImage */,
				958BBB8416EC5C8D0030ED7B /* uilib.h */,
				958BBB8616EC5C8D0030ED7B /* uilib.m */,
				958BBB8216EC5C8D0030ED7B /* Supporting Files */,
			);
			path = uilib;
			sourceTree = "<group>";
		};
		958BBB8216EC5C8D0030ED7B /* Supporting Files */ = {
			isa = PBXGroup;
			children = (
				958BBB8316EC5C8D0030ED7B /* uilib-Prefix.pch */,
			);
			name = "Supporting Files";
			sourceTree = "<group>";
		};
		958BBB9116EC5DE20030ED7B /* DRPickerView */ = {
			isa = PBXGroup;
			children = (
				958BBB9216EC5DE20030ED7B /* VlionActionSheet.h */,
				958BBB9316EC5DE20030ED7B /* VlionActionSheet.m */,
			);
			path = DRPickerView;
			sourceTree = "<group>";
		};
		958BBB9716EC5DE20030ED7B /* HSTableView */ = {
			isa = PBXGroup;
			children = (
				95ACD7F1172BB80E00331EE1 /* ADLivelyTableView.h */,
				95ACD7F2172BB80E00331EE1 /* ADLivelyTableView.m */,
				958BBB9816EC5DE20030ED7B /* HSAbstractTableViewCell.h */,
				958BBB9916EC5DE20030ED7B /* HSAbstractTableViewCell.m */,
				958BBB9A16EC5DE20030ED7B /* HSBaseTableViewDelegate.h */,
				958BBB9B16EC5DE20030ED7B /* HSBaseTableViewDelegate.m */,
				958BBB9F16EC5DE20030ED7B /* HSSimpleTableViewDataSource.h */,
				958BBBA016EC5DE20030ED7B /* HSSimpleTableViewDataSource.m */,
			);
			path = HSTableView;
			sourceTree = "<group>";
		};
		958BBBA116EC5DE20030ED7B /* MBProgress */ = {
			isa = PBXGroup;
			children = (
				958BBBA216EC5DE20030ED7B /* MBProgressHUD.h */,
				958BBBA316EC5DE20030ED7B /* MBProgressHUD.m */,
			);
			path = MBProgress;
			sourceTree = "<group>";
		};
		958BBBA416EC5DE20030ED7B /* SDWebImage */ = {
			isa = PBXGroup;
			children = (
				958BBBBB16EC5E130030ED7B /* SDImageCache.h */,
				958BBBBC16EC5E130030ED7B /* SDImageCache.m */,
				958BBBBD16EC5E130030ED7B /* SDImageCacheDelegate.h */,
				958BBBBE16EC5E130030ED7B /* SDWebImageCompat.h */,
				958BBBBF16EC5E130030ED7B /* SDWebImageDecoder.h */,
				958BBBC016EC5E130030ED7B /* SDWebImageDecoder.m */,
				958BBBC116EC5E130030ED7B /* SDWebImageDownloader.h */,
				958BBBC216EC5E130030ED7B /* SDWebImageDownloader.m */,
				958BBBC316EC5E130030ED7B /* SDWebImageDownloaderDelegate.h */,
				958BBBC416EC5E130030ED7B /* SDWebImageManager.h */,
				958BBBC516EC5E130030ED7B /* SDWebImageManager.m */,
				958BBBC616EC5E130030ED7B /* SDWebImageManagerDelegate.h */,
				958BBBC716EC5E130030ED7B /* SDWebImagePrefetcher.h */,
				958BBBC816EC5E130030ED7B /* SDWebImagePrefetcher.m */,
				958BBBC916EC5E130030ED7B /* UIButton+WebCache.h */,
				958BBBCA16EC5E130030ED7B /* UIButton+WebCache.m */,
				958BBBCB16EC5E130030ED7B /* UIImageView+WebCache.h */,
				958BBBCC16EC5E130030ED7B /* UIImageView+WebCache.m */,
			);
			path = SDWebImage;
			sourceTree = "<group>";
		};
		958BBBA516EC5DE20030ED7B /* UIImage */ = {
			isa = PBXGroup;
			children = (
				958BBBA616EC5DE20030ED7B /* UIImage+Alpha.h */,
				958BBBA716EC5DE20030ED7B /* UIImage+Alpha.m */,
				958BBBA816EC5DE20030ED7B /* UIImage+Resize.h */,
				958BBBA916EC5DE20030ED7B /* UIImage+Resize.m */,
				958BBBAA16EC5DE20030ED7B /* UIImage+RoundedCorner.h */,
				958BBBAB16EC5DE20030ED7B /* UIImage+RoundedCorner.m */,
				958BBBAC16EC5DE20030ED7B /* UIImage-Extensions.h */,
				958BBBAD16EC5DE20030ED7B /* UIImage-Extensions.m */,
			);
			path = UIImage;
			sourceTree = "<group>";
		};
		958BBC4F16EC62510030ED7B /* MCTopLabel */ = {
			isa = PBXGroup;
			children = (
				9500EC1417014EC000E55632 /* FXLabel.h */,
				9500EC1517014EC000E55632 /* FXLabel.m */,
				9500EC1617014EC000E55632 /* LEffectLabel.h */,
				9500EC1717014EC000E55632 /* LEffectLabel.m */,
				95FFF02216FB4752000C12E6 /* AttributedLabel.h */,
				95FFF02316FB4752000C12E6 /* AttributedLabel.m */,
				95FFF02416FB4752000C12E6 /* MTIBulbView.h */,
				95FFF02516FB4752000C12E6 /* MTIBulbView.m */,
				958BBC5016EC62520030ED7B /* MCTopAligningLabel.h */,
				958BBC5116EC62520030ED7B /* MCTopAligningLabel.m */,
				958BBC5216EC62520030ED7B /* NSString+CalHeight.h */,
				958BBC5316EC62520030ED7B /* NSString+CalHeight.m */,
				958BBC5416EC62520030ED7B /* UILabel+CalHeight.h */,
				958BBC5516EC62520030ED7B /* UILabel+CalHeight.m */,
			);
			path = MCTopLabel;
			sourceTree = "<group>";
		};
		958BBC8416EC675A0030ED7B /* UIViewFrame */ = {
			isa = PBXGroup;
			children = (
				958BBC8516EC675B0030ED7B /* UIView+UU.h */,
				958BBC8616EC675B0030ED7B /* UIView+UU.m */,
			);
			path = UIViewFrame;
			sourceTree = "<group>";
		};
		958BBDC116ECE09E0030ED7B /* NavButton */ = {
			isa = PBXGroup;
			children = (
				958BBDBD16ECDDE30030ED7B /* NavButton.h */,
				958BBDBE16ECDDE30030ED7B /* NavButton.m */,
			);
			path = NavButton;
			sourceTree = "<group>";
		};
		95C05A4617147F7E0003F7B0 /* MBAlertView */ = {
			isa = PBXGroup;
			children = (
				95C05A4717147F7E0003F7B0 /* Categories */,
				95C05A4E17147F7E0003F7B0 /* MBAlertView.h */,
				95C05A4F17147F7E0003F7B0 /* MBAlertView.m */,
				95C05A5017147F7E0003F7B0 /* MBHUDView.h */,
				95C05A5117147F7E0003F7B0 /* MBHUDView.m */,
				95C05A5217147F7E0003F7B0 /* Protected */,
				95C05A5617147F7E0003F7B0 /* Views */,
			);
			path = MBAlertView;
			sourceTree = "<group>";
		};
		95C05A4717147F7E0003F7B0 /* Categories */ = {
			isa = PBXGroup;
			children = (
				95C05A4817147F7E0003F7B0 /* NSString+Trim.h */,
				95C05A4917147F7E0003F7B0 /* NSString+Trim.m */,
				95C05A4A17147F7E0003F7B0 /* UIFont+Alert.h */,
				95C05A4B17147F7E0003F7B0 /* UIFont+Alert.m */,
				95C05A4C17147F7E0003F7B0 /* UIView+Animations.h */,
				95C05A4D17147F7E0003F7B0 /* UIView+Animations.m */,
			);
			path = Categories;
			sourceTree = "<group>";
		};
		95C05A5217147F7E0003F7B0 /* Protected */ = {
			isa = PBXGroup;
			children = (
				95C05A5317147F7E0003F7B0 /* MBAlertViewItem.h */,
				95C05A5417147F7E0003F7B0 /* MBAlertViewItem.m */,
				95C05A5517147F7E0003F7B0 /* MBAlertViewSubclass.h */,
			);
			path = Protected;
			sourceTree = "<group>";
		};
		95C05A5617147F7E0003F7B0 /* Views */ = {
			isa = PBXGroup;
			children = (
				95C05A5717147F7E0003F7B0 /* AlertViewUI.h */,
				95C05A5817147F7E0003F7B0 /* MBAlertViewButton.h */,
				95C05A5917147F7E0003F7B0 /* MBAlertViewButton.m */,
				95C05A5A17147F7E0003F7B0 /* MBCheckMarkView.h */,
				95C05A5B17147F7E0003F7B0 /* MBCheckMarkView.m */,
				95C05A5C17147F7E0003F7B0 /* MBSpinningCircle.h */,
				95C05A5D17147F7E0003F7B0 /* MBSpinningCircle.m */,
			);
			path = Views;
			sourceTree = "<group>";
		};
		95FF67B51704380B00E77F76 /* SegController */ = {
			isa = PBXGroup;
			children = (
				95FF67B61704380B00E77F76 /* SVSegmentedControl.h */,
				95FF67B71704380B00E77F76 /* SVSegmentedControl.m */,
				95FF67B81704380B00E77F76 /* SVSegmentedThumb.h */,
				95FF67B91704380B00E77F76 /* SVSegmentedThumb.m */,
			);
			path = SegController;
			sourceTree = "<group>";
		};
/* End PBXGroup section */

/* Begin PBXNativeTarget section */
		958BBB7B16EC5C8D0030ED7B /* uilib */ = {
			isa = PBXNativeTarget;
			buildConfigurationList = 958BBB8A16EC5C8D0030ED7B /* Build configuration list for PBXNativeTarget "uilib" */;
			buildPhases = (
				958BBB7816EC5C8D0030ED7B /* Sources */,
				958BBB7916EC5C8D0030ED7B /* Frameworks */,
				958BBB7A16EC5C8D0030ED7B /* CopyFiles */,
			);
			buildRules = (
			);
			dependencies = (
			);
			name = uilib;
			productName = uilib;
			productReference = 958BBB7C16EC5C8D0030ED7B /* libuilib.a */;
			productType = "com.apple.product-type.library.static";
		};
/* End PBXNativeTarget section */

/* Begin PBXProject section */
		958BBB7316EC5C8D0030ED7B /* Project object */ = {
			isa = PBXProject;
			attributes = {
				LastUpgradeCheck = 0450;
				ORGANIZATIONNAME = "FCNN Inc";
			};
			buildConfigurationList = 958BBB7616EC5C8D0030ED7B /* Build configuration list for PBXProject "uilib" */;
			compatibilityVersion = "Xcode 3.2";
			developmentRegion = English;
			hasScannedForEncodings = 0;
			knownRegions = (
				en,
			);
			mainGroup = 958BBB7116EC5C8D0030ED7B;
			productRefGroup = 958BBB7D16EC5C8D0030ED7B /* Products */;
			projectDirPath = "";
			projectRoot = "";
			targets = (
				958BBB7B16EC5C8D0030ED7B /* uilib */,
			);
		};
/* End PBXProject section */

/* Begin PBXSourcesBuildPhase section */
		958BBB7816EC5C8D0030ED7B /* Sources */ = {
			isa = PBXSourcesBuildPhase;
			buildActionMask = 2147483647;
			files = (
				958BBB8716EC5C8D0030ED7B /* uilib.m in Sources */,
				958BBBAE16EC5DE20030ED7B /* VlionActionSheet.m in Sources */,
				958BBBB016EC5DE20030ED7B /* HSAbstractTableViewCell.m in Sources */,
				958BBBB116EC5DE20030ED7B /* HSBaseTableViewDelegate.m in Sources */,
				958BBBB316EC5DE20030ED7B /* HSSimpleTableViewDataSource.m in Sources */,
				958BBBB416EC5DE20030ED7B /* MBProgressHUD.m in Sources */,
				958BBBB516EC5DE20030ED7B /* UIImage+Alpha.m in Sources */,
				958BBBB616EC5DE20030ED7B /* UIImage+Resize.m in Sources */,
				958BBBB716EC5DE20030ED7B /* UIImage+RoundedCorner.m in Sources */,
				958BBBB816EC5DE20030ED7B /* UIImage-Extensions.m in Sources */,
				958BBBCE16EC5E130030ED7B /* SDImageCache.m in Sources */,
				958BBBCF16EC5E130030ED7B /* SDWebImageDecoder.m in Sources */,
				958BBBD016EC5E130030ED7B /* SDWebImageDownloader.m in Sources */,
				958BBBD116EC5E130030ED7B /* SDWebImageManager.m in Sources */,
				958BBBD216EC5E130030ED7B /* SDWebImagePrefetcher.m in Sources */,
				958BBBD316EC5E130030ED7B /* UIButton+WebCache.m in Sources */,
				958BBBD416EC5E130030ED7B /* UIImageView+WebCache.m in Sources */,
				958BBC5616EC62520030ED7B /* MCTopAligningLabel.m in Sources */,
				958BBC5716EC62520030ED7B /* NSString+CalHeight.m in Sources */,
				958BBC5816EC62520030ED7B /* UILabel+CalHeight.m in Sources */,
				958BBC8716EC675B0030ED7B /* UIView+UU.m in Sources */,
				958BBDBF16ECDDE30030ED7B /* NavButton.m in Sources */,
				955363F316F0D32A002AEA32 /* TDDatePickerController.m in Sources */,
				955363F416F0D32A002AEA32 /* TDSemiModalViewController.m in Sources */,
				955363F516F0D32A002AEA32 /* UIViewController+TDSemiModalExtension.m in Sources */,
				9583086516F8BFAE0038EE58 /* SSTextView.m in Sources */,
				95FFF02616FB4752000C12E6 /* AttributedLabel.m in Sources */,
				95FFF02716FB4752000C12E6 /* MTIBulbView.m in Sources */,
				9500EC1817014EC000E55632 /* FXLabel.m in Sources */,
				9500EC1917014EC000E55632 /* LEffectLabel.m in Sources */,
				9500EC99170170B900E55632 /* PaintingWindow.m in Sources */,
				95FF67BA1704380B00E77F76 /* SVSegmentedControl.m in Sources */,
				95FF67BB1704380B00E77F76 /* SVSegmentedThumb.m in Sources */,
				95C05A5E17147F7E0003F7B0 /* NSString+Trim.m in Sources */,
				95C05A5F17147F7E0003F7B0 /* UIFont+Alert.m in Sources */,
				95C05A6017147F7E0003F7B0 /* UIView+Animations.m in Sources */,
				95C05A6117147F7E0003F7B0 /* MBAlertView.m in Sources */,
				95C05A6217147F7E0003F7B0 /* MBHUDView.m in Sources */,
				95C05A6317147F7E0003F7B0 /* MBAlertViewItem.m in Sources */,
				95C05A6417147F7E0003F7B0 /* MBAlertViewButton.m in Sources */,
				95C05A6517147F7E0003F7B0 /* MBCheckMarkView.m in Sources */,
				95C05A6617147F7E0003F7B0 /* MBSpinningCircle.m in Sources */,
				956A8ED41723A1B600307CF2 /* FGalleryPhoto.m in Sources */,
				956A8ED51723A1B600307CF2 /* FGalleryPhotoView.m in Sources */,
				956A8ED61723A1B600307CF2 /* FGalleryViewController.m in Sources */,
				95ACD7F3172BB80E00331EE1 /* ADLivelyTableView.m in Sources */,
			);
			runOnlyForDeploymentPostprocessing = 0;
		};
/* End PBXSourcesBuildPhase section */

/* Begin XCBuildConfiguration section */
		958BBB8816EC5C8D0030ED7B /* Debug */ = {
			isa = XCBuildConfiguration;
			buildSettings = {
				ALWAYS_SEARCH_USER_PATHS = NO;
				CLANG_CXX_LANGUAGE_STANDARD = "gnu++0x";
				CLANG_CXX_LIBRARY = "libc++";
				CLANG_WARN_EMPTY_BODY = YES;
				CLANG_WARN__DUPLICATE_METHOD_MATCH = YES;
				COPY_PHASE_STRIP = NO;
				GCC_C_LANGUAGE_STANDARD = gnu99;
				GCC_DYNAMIC_NO_PIC = NO;
				GCC_OPTIMIZATION_LEVEL = 0;
				GCC_PREPROCESSOR_DEFINITIONS = (
					"DEBUG=1",
					"$(inherited)",
				);
				GCC_SYMBOLS_PRIVATE_EXTERN = NO;
				GCC_WARN_ABOUT_RETURN_TYPE = YES;
				GCC_WARN_UNINITIALIZED_AUTOS = YES;
				GCC_WARN_UNUSED_VARIABLE = YES;
				IPHONEOS_DEPLOYMENT_TARGET = 5.0;
				ONLY_ACTIVE_ARCH = YES;
				SDKROOT = iphoneos;
			};
			name = Debug;
		};
		958BBB8916EC5C8D0030ED7B /* Release */ = {
			isa = XCBuildConfiguration;
			buildSettings = {
				ALWAYS_SEARCH_USER_PATHS = NO;
				CLANG_CXX_LANGUAGE_STANDARD = "gnu++0x";
				CLANG_CXX_LIBRARY = "libc++";
				CLANG_WARN_EMPTY_BODY = YES;
				CLANG_WARN__DUPLICATE_METHOD_MATCH = YES;
				COPY_PHASE_STRIP = YES;
				GCC_C_LANGUAGE_STANDARD = gnu99;
				GCC_WARN_ABOUT_RETURN_TYPE = YES;
				GCC_WARN_UNINITIALIZED_AUTOS = YES;
				GCC_WARN_UNUSED_VARIABLE = YES;
				IPHONEOS_DEPLOYMENT_TARGET = 5.0;
				SDKROOT = iphoneos;
				VALIDATE_PRODUCT = YES;
			};
			name = Release;
		};
		958BBB8B16EC5C8D0030ED7B /* Debug */ = {
			isa = XCBuildConfiguration;
			buildSettings = {
				DSTROOT = /tmp/uilib.dst;
				GCC_PRECOMPILE_PREFIX_HEADER = YES;
				GCC_PREFIX_HEADER = "uilib/uilib-Prefix.pch";
				OTHER_LDFLAGS = "-ObjC";
				PRODUCT_NAME = "$(TARGET_NAME)";
				SKIP_INSTALL = YES;
			};
			name = Debug;
		};
		958BBB8C16EC5C8D0030ED7B /* Release */ = {
			isa = XCBuildConfiguration;
			buildSettings = {
				DSTROOT = /tmp/uilib.dst;
				GCC_PRECOMPILE_PREFIX_HEADER = YES;
				GCC_PREFIX_HEADER = "uilib/uilib-Prefix.pch";
				OTHER_LDFLAGS = "-ObjC";
				PRODUCT_NAME = "$(TARGET_NAME)";
				SKIP_INSTALL = YES;
			};
			name = Release;
		};
/* End XCBuildConfiguration section */

/* Begin XCConfigurationList section */
		958BBB7616EC5C8D0030ED7B /* Build configuration list for PBXProject "uilib" */ = {
			isa = XCConfigurationList;
			buildConfigurations = (
				958BBB8816EC5C8D0030ED7B /* Debug */,
				958BBB8916EC5C8D0030ED7B /* Release */,
			);
			defaultConfigurationIsVisible = 0;
			defaultConfigurationName = Release;
		};
		958BBB8A16EC5C8D0030ED7B /* Build configuration list for PBXNativeTarget "uilib" */ = {
			isa = XCConfigurationList;
			buildConfigurations = (
				958BBB8B16EC5C8D0030ED7B /* Debug */,
				958BBB8C16EC5C8D0030ED7B /* Release */,
			);
			defaultConfigurationIsVisible = 0;
			defaultConfigurationName = Release;
		};
/* End XCConfigurationList section */
	};
	rootObject = 958BBB7316EC5C8D0030ED7B /* Project object */;
}
