// !$*UTF8*$!
{
	archiveVersion = 1;
	classes = {
	};
	objectVersion = 46;
	objects = {

/* Begin PBXBuildFile section */
		954AE4291716685F005C7243 /* Foundation.framework in Frameworks */ = {isa = PBXBuildFile; fileRef = 954AE4281716685F005C7243 /* Foundation.framework */; };
		954AE4451716688A005C7243 /* NSSet+ClassesList.m in Sources */ = {isa = PBXBuildFile; fileRef = 954AE4391716688A005C7243 /* NSSet+ClassesList.m */; settings = {COMPILER_FLAGS = "-fno-objc-arc"; }; };
		954AE4461716688A005C7243 /* SFFileWatcher.m in Sources */ = {isa = PBXBuildFile; fileRef = 954AE43C1716688A005C7243 /* SFFileWatcher.m */; settings = {COMPILER_FLAGS = "-fno-objc-arc"; }; };
		954AE4471716688A005C7243 /* NSObject+DyCInjection.m in Sources */ = {isa = PBXBuildFile; fileRef = 954AE4401716688A005C7243 /* NSObject+DyCInjection.m */; settings = {COMPILER_FLAGS = "-fno-objc-arc"; }; };
		954AE4481716688A005C7243 /* UIViewController+XIBSupport.m in Sources */ = {isa = PBXBuildFile; fileRef = 954AE4421716688A005C7243 /* UIViewController+XIBSupport.m */; settings = {COMPILER_FLAGS = "-fno-objc-arc"; }; };
		954AE4491716688A005C7243 /* SFDynamicCodeInjection.m in Sources */ = {isa = PBXBuildFile; fileRef = 954AE4441716688A005C7243 /* SFDynamicCodeInjection.m */; settings = {COMPILER_FLAGS = "-fno-objc-arc"; }; };
		954AE44B171668A5005C7243 /* UIKit.framework in Frameworks */ = {isa = PBXBuildFile; fileRef = 954AE44A171668A5005C7243 /* UIKit.framework */; };
/* End PBXBuildFile section */

/* Begin PBXCopyFilesBuildPhase section */
		954AE4231716685F005C7243 /* CopyFiles */ = {
			isa = PBXCopyFilesBuildPhase;
			buildActionMask = 2147483647;
			dstPath = "include/${PRODUCT_NAME}";
			dstSubfolderSpec = 16;
			files = (
			);
			runOnlyForDeploymentPostprocessing = 0;
		};
/* End PBXCopyFilesBuildPhase section */

/* Begin PBXFileReference section */
		954AE4251716685F005C7243 /* libDyci.a */ = {isa = PBXFileReference; explicitFileType = archive.ar; includeInIndex = 0; path = libDyci.a; sourceTree = BUILT_PRODUCTS_DIR; };
		954AE4281716685F005C7243 /* Foundation.framework */ = {isa = PBXFileReference; lastKnownFileType = wrapper.framework; name = Foundation.framework; path = System/Library/Frameworks/Foundation.framework; sourceTree = SDKROOT; };
		954AE42C1716685F005C7243 /* Dyci-Prefix.pch */ = {isa = PBXFileReference; lastKnownFileType = sourcecode.c.h; path = "Dyci-Prefix.pch"; sourceTree = "<group>"; };
		954AE4381716688A005C7243 /* NSSet+ClassesList.h */ = {isa = PBXFileReference; fileEncoding = 4; lastKnownFileType = sourcecode.c.h; path = "NSSet+ClassesList.h"; sourceTree = "<group>"; };
		954AE4391716688A005C7243 /* NSSet+ClassesList.m */ = {isa = PBXFileReference; fileEncoding = 4; lastKnownFileType = sourcecode.c.objc; path = "NSSet+ClassesList.m"; sourceTree = "<group>"; };
		954AE43B1716688A005C7243 /* SFFileWatcher.h */ = {isa = PBXFileReference; fileEncoding = 4; lastKnownFileType = sourcecode.c.h; path = SFFileWatcher.h; sourceTree = "<group>"; };
		954AE43C1716688A005C7243 /* SFFileWatcher.m */ = {isa = PBXFileReference; fileEncoding = 4; lastKnownFileType = sourcecode.c.objc; path = SFFileWatcher.m; sourceTree = "<group>"; };
		954AE43D1716688A005C7243 /* SFFileWatcherDelegate.h */ = {isa = PBXFileReference; fileEncoding = 4; lastKnownFileType = sourcecode.c.h; path = SFFileWatcherDelegate.h; sourceTree = "<group>"; };
		954AE43F1716688A005C7243 /* NSObject+DyCInjection.h */ = {isa = PBXFileReference; fileEncoding = 4; lastKnownFileType = sourcecode.c.h; path = "NSObject+DyCInjection.h"; sourceTree = "<group>"; };
		954AE4401716688A005C7243 /* NSObject+DyCInjection.m */ = {isa = PBXFileReference; fileEncoding = 4; lastKnownFileType = sourcecode.c.objc; path = "NSObject+DyCInjection.m"; sourceTree = "<group>"; };
		954AE4411716688A005C7243 /* UIViewController+XIBSupport.h */ = {isa = PBXFileReference; fileEncoding = 4; lastKnownFileType = sourcecode.c.h; path = "UIViewController+XIBSupport.h"; sourceTree = "<group>"; };
		954AE4421716688A005C7243 /* UIViewController+XIBSupport.m */ = {isa = PBXFileReference; fileEncoding = 4; lastKnownFileType = sourcecode.c.objc; path = "UIViewController+XIBSupport.m"; sourceTree = "<group>"; };
		954AE4431716688A005C7243 /* SFDynamicCodeInjection.h */ = {isa = PBXFileReference; fileEncoding = 4; lastKnownFileType = sourcecode.c.h; path = SFDynamicCodeInjection.h; sourceTree = "<group>"; };
		954AE4441716688A005C7243 /* SFDynamicCodeInjection.m */ = {isa = PBXFileReference; fileEncoding = 4; lastKnownFileType = sourcecode.c.objc; path = SFDynamicCodeInjection.m; sourceTree = "<group>"; };
		954AE44A171668A5005C7243 /* UIKit.framework */ = {isa = PBXFileReference; lastKnownFileType = wrapper.framework; name = UIKit.framework; path = System/Library/Frameworks/UIKit.framework; sourceTree = SDKROOT; };
/* End PBXFileReference section */

/* Begin PBXFrameworksBuildPhase section */
		954AE4221716685F005C7243 /* Frameworks */ = {
			isa = PBXFrameworksBuildPhase;
			buildActionMask = 2147483647;
			files = (
				954AE44B171668A5005C7243 /* UIKit.framework in Frameworks */,
				954AE4291716685F005C7243 /* Foundation.framework in Frameworks */,
			);
			runOnlyForDeploymentPostprocessing = 0;
		};
/* End PBXFrameworksBuildPhase section */

/* Begin PBXGroup section */
		954AE41C1716685F005C7243 = {
			isa = PBXGroup;
			children = (
				954AE42A1716685F005C7243 /* Dyci */,
				954AE4271716685F005C7243 /* Frameworks */,
				954AE4261716685F005C7243 /* Products */,
			);
			sourceTree = "<group>";
		};
		954AE4261716685F005C7243 /* Products */ = {
			isa = PBXGroup;
			children = (
				954AE4251716685F005C7243 /* libDyci.a */,
			);
			name = Products;
			sourceTree = "<group>";
		};
		954AE4271716685F005C7243 /* Frameworks */ = {
			isa = PBXGroup;
			children = (
				954AE44A171668A5005C7243 /* UIKit.framework */,
				954AE4281716685F005C7243 /* Foundation.framework */,
			);
			name = Frameworks;
			sourceTree = "<group>";
		};
		954AE42A1716685F005C7243 /* Dyci */ = {
			isa = PBXGroup;
			children = (
				954AE4361716688A005C7243 /* Classes */,
				954AE42B1716685F005C7243 /* Supporting Files */,
			);
			path = Dyci;
			sourceTree = "<group>";
		};
		954AE42B1716685F005C7243 /* Supporting Files */ = {
			isa = PBXGroup;
			children = (
				954AE42C1716685F005C7243 /* Dyci-Prefix.pch */,
			);
			name = "Supporting Files";
			sourceTree = "<group>";
		};
		954AE4361716688A005C7243 /* Classes */ = {
			isa = PBXGroup;
			children = (
				954AE4371716688A005C7243 /* Categories */,
				954AE43A1716688A005C7243 /* FileWatcher */,
				954AE43E1716688A005C7243 /* Injections */,
				954AE4431716688A005C7243 /* SFDynamicCodeInjection.h */,
				954AE4441716688A005C7243 /* SFDynamicCodeInjection.m */,
			);
			path = Classes;
			sourceTree = "<group>";
		};
		954AE4371716688A005C7243 /* Categories */ = {
			isa = PBXGroup;
			children = (
				954AE4381716688A005C7243 /* NSSet+ClassesList.h */,
				954AE4391716688A005C7243 /* NSSet+ClassesList.m */,
			);
			path = Categories;
			sourceTree = "<group>";
		};
		954AE43A1716688A005C7243 /* FileWatcher */ = {
			isa = PBXGroup;
			children = (
				954AE43B1716688A005C7243 /* SFFileWatcher.h */,
				954AE43C1716688A005C7243 /* SFFileWatcher.m */,
				954AE43D1716688A005C7243 /* SFFileWatcherDelegate.h */,
			);
			path = FileWatcher;
			sourceTree = "<group>";
		};
		954AE43E1716688A005C7243 /* Injections */ = {
			isa = PBXGroup;
			children = (
				954AE43F1716688A005C7243 /* NSObject+DyCInjection.h */,
				954AE4401716688A005C7243 /* NSObject+DyCInjection.m */,
				954AE4411716688A005C7243 /* UIViewController+XIBSupport.h */,
				954AE4421716688A005C7243 /* UIViewController+XIBSupport.m */,
			);
			path = Injections;
			sourceTree = "<group>";
		};
/* End PBXGroup section */

/* Begin PBXNativeTarget section */
		954AE4241716685F005C7243 /* Dyci */ = {
			isa = PBXNativeTarget;
			buildConfigurationList = 954AE4331716685F005C7243 /* Build configuration list for PBXNativeTarget "Dyci" */;
			buildPhases = (
				954AE4211716685F005C7243 /* Sources */,
				954AE4221716685F005C7243 /* Frameworks */,
				954AE4231716685F005C7243 /* CopyFiles */,
			);
			buildRules = (
			);
			dependencies = (
			);
			name = Dyci;
			productName = Dyci;
			productReference = 954AE4251716685F005C7243 /* libDyci.a */;
			productType = "com.apple.product-type.library.static";
		};
/* End PBXNativeTarget section */

/* Begin PBXProject section */
		954AE41D1716685F005C7243 /* Project object */ = {
			isa = PBXProject;
			attributes = {
				LastUpgradeCheck = 0460;
				ORGANIZATIONNAME = "FCNN Inc";
			};
			buildConfigurationList = 954AE4201716685F005C7243 /* Build configuration list for PBXProject "Dyci" */;
			compatibilityVersion = "Xcode 3.2";
			developmentRegion = English;
			hasScannedForEncodings = 0;
			knownRegions = (
				en,
			);
			mainGroup = 954AE41C1716685F005C7243;
			productRefGroup = 954AE4261716685F005C7243 /* Products */;
			projectDirPath = "";
			projectRoot = "";
			targets = (
				954AE4241716685F005C7243 /* Dyci */,
			);
		};
/* End PBXProject section */

/* Begin PBXSourcesBuildPhase section */
		954AE4211716685F005C7243 /* Sources */ = {
			isa = PBXSourcesBuildPhase;
			buildActionMask = 2147483647;
			files = (
				954AE4451716688A005C7243 /* NSSet+ClassesList.m in Sources */,
				954AE4461716688A005C7243 /* SFFileWatcher.m in Sources */,
				954AE4471716688A005C7243 /* NSObject+DyCInjection.m in Sources */,
				954AE4481716688A005C7243 /* UIViewController+XIBSupport.m in Sources */,
				954AE4491716688A005C7243 /* SFDynamicCodeInjection.m in Sources */,
			);
			runOnlyForDeploymentPostprocessing = 0;
		};
/* End PBXSourcesBuildPhase section */

/* Begin XCBuildConfiguration section */
		954AE4311716685F005C7243 /* Debug */ = {
			isa = XCBuildConfiguration;
			buildSettings = {
				ALWAYS_SEARCH_USER_PATHS = NO;
				CLANG_CXX_LANGUAGE_STANDARD = "gnu++0x";
				CLANG_CXX_LIBRARY = "libc++";
				CLANG_WARN_CONSTANT_CONVERSION = YES;
				CLANG_WARN_EMPTY_BODY = YES;
				CLANG_WARN_ENUM_CONVERSION = YES;
				CLANG_WARN_INT_CONVERSION = YES;
				CLANG_WARN__DUPLICATE_METHOD_MATCH = YES;
				COPY_PHASE_STRIP = NO;
				GCC_C_LANGUAGE_STANDARD = gnu99;
				GCC_DYNAMIC_NO_PIC = NO;
				GCC_OPTIMIZATION_LEVEL = 0;
				GCC_PREPROCESSOR_DEFINITIONS = (
					"DEBUG=1",
					"$(inherited)",
				);
				GCC_SYMBOLS_PRIVATE_EXTERN = NO;
				GCC_WARN_ABOUT_RETURN_TYPE = YES;
				GCC_WARN_UNINITIALIZED_AUTOS = YES;
				GCC_WARN_UNUSED_VARIABLE = YES;
				IPHONEOS_DEPLOYMENT_TARGET = 6.1;
				ONLY_ACTIVE_ARCH = YES;
				SDKROOT = iphoneos;
			};
			name = Debug;
		};
		954AE4321716685F005C7243 /* Release */ = {
			isa = XCBuildConfiguration;
			buildSettings = {
				ALWAYS_SEARCH_USER_PATHS = NO;
				CLANG_CXX_LANGUAGE_STANDARD = "gnu++0x";
				CLANG_CXX_LIBRARY = "libc++";
				CLANG_WARN_CONSTANT_CONVERSION = YES;
				CLANG_WARN_EMPTY_BODY = YES;
				CLANG_WARN_ENUM_CONVERSION = YES;
				CLANG_WARN_INT_CONVERSION = YES;
				CLANG_WARN__DUPLICATE_METHOD_MATCH = YES;
				COPY_PHASE_STRIP = YES;
				GCC_C_LANGUAGE_STANDARD = gnu99;
				GCC_WARN_ABOUT_RETURN_TYPE = YES;
				GCC_WARN_UNINITIALIZED_AUTOS = YES;
				GCC_WARN_UNUSED_VARIABLE = YES;
				IPHONEOS_DEPLOYMENT_TARGET = 6.1;
				SDKROOT = iphoneos;
				VALIDATE_PRODUCT = YES;
			};
			name = Release;
		};
		954AE4341716685F005C7243 /* Debug */ = {
			isa = XCBuildConfiguration;
			buildSettings = {
				DSTROOT = /tmp/Dyci.dst;
				GCC_PRECOMPILE_PREFIX_HEADER = YES;
				GCC_PREFIX_HEADER = "Dyci/Dyci-Prefix.pch";
				OTHER_LDFLAGS = "-ObjC";
				PRODUCT_NAME = "$(TARGET_NAME)";
				SKIP_INSTALL = YES;
			};
			name = Debug;
		};
		954AE4351716685F005C7243 /* Release */ = {
			isa = XCBuildConfiguration;
			buildSettings = {
				DSTROOT = /tmp/Dyci.dst;
				GCC_PRECOMPILE_PREFIX_HEADER = YES;
				GCC_PREFIX_HEADER = "Dyci/Dyci-Prefix.pch";
				OTHER_LDFLAGS = "-ObjC";
				PRODUCT_NAME = "$(TARGET_NAME)";
				SKIP_INSTALL = YES;
			};
			name = Release;
		};
/* End XCBuildConfiguration section */

/* Begin XCConfigurationList section */
		954AE4201716685F005C7243 /* Build configuration list for PBXProject "Dyci" */ = {
			isa = XCConfigurationList;
			buildConfigurations = (
				954AE4311716685F005C7243 /* Debug */,
				954AE4321716685F005C7243 /* Release */,
			);
			defaultConfigurationIsVisible = 0;
			defaultConfigurationName = Release;
		};
		954AE4331716685F005C7243 /* Build configuration list for PBXNativeTarget "Dyci" */ = {
			isa = XCConfigurationList;
			buildConfigurations = (
				954AE4341716685F005C7243 /* Debug */,
				954AE4351716685F005C7243 /* Release */,
			);
			defaultConfigurationIsVisible = 0;
			defaultConfigurationName = Release;
		};
/* End XCConfigurationList section */
	};
	rootObject = 954AE41D1716685F005C7243 /* Project object */;
}
